
Microsoft Visual Studio Solution File, Format Version 12.00
# Visual Studio Version 17
VisualStudioVersion = 17.6.33801.468
MinimumVisualStudioVersion = 10.0.40219.1
Project("{9A19103F-16F7-4668-BE54-9A1E7A4F7556}") = "NoteTestTask.WebApp", "NoteTestTask.WebApp\NoteTestTask.WebApp.csproj", "{9C3E1BC8-D819-47F8-A740-D38735C6A8D0}"
EndProject
Global
	GlobalSection(SolutionConfigurationPlatforms) = preSolution
		Debug|Any CPU = Debug|Any CPU
		Release|Any CPU = Release|Any CPU
	EndGlobalSection
	GlobalSection(ProjectConfigurationPlatforms) = postSolution
		{9C3E1BC8-D819-47F8-A740-D38735C6A8D0}.Debug|Any CPU.ActiveCfg = Debug|Any CPU
		{9C3E1BC8-D819-47F8-A740-D38735C6A8D0}.Debug|Any CPU.Build.0 = Debug|Any CPU
		{9C3E1BC8-D819-47F8-A740-D38735C6A8D0}.Release|Any CPU.ActiveCfg = Release|Any CPU
		{9C3E1BC8-D819-47F8-A740-D38735C6A8D0}.Release|Any CPU.Build.0 = Release|Any CPU
	EndGlobalSection
	GlobalSection(SolutionProperties) = preSolution
		HideSolutionNode = FALSE
	EndGlobalSection
	GlobalSection(ExtensibilityGlobals) = postSolution
		SolutionGuid = {D184CC8A-5E0C-40C4-89FE-7D1A9C12834A}
	EndGlobalSection
EndGlobal
